// !$*UTF8*$!
{
	archiveVersion = 1;
	classes = {
	};
	objectVersion = 46;
	objects = {

/* Begin PBXBuildFile section */
		5E5BF7F319FE34A200800ECD /* main.m in Sources */ = {isa = PBXBuildFile; fileRef = 5E5BF7F219FE34A200800ECD /* main.m */; };
		5E5BF7F619FE34A200800ECD /* AppDelegate.m in Sources */ = {isa = PBXBuildFile; fileRef = 5E5BF7F519FE34A200800ECD /* AppDelegate.m */; };
		5E5BF7F919FE34A200800ECD /* ViewController.m in Sources */ = {isa = PBXBuildFile; fileRef = 5E5BF7F819FE34A200800ECD /* ViewController.m */; };
		5E5BF7FC19FE34A200800ECD /* Main.storyboard in Resources */ = {isa = PBXBuildFile; fileRef = 5E5BF7FA19FE34A200800ECD /* Main.storyboard */; };
		5E5BF7FE19FE34A200800ECD /* Images.xcassets in Resources */ = {isa = PBXBuildFile; fileRef = 5E5BF7FD19FE34A200800ECD /* Images.xcassets */; };
		5E5BF80119FE34A200800ECD /* LaunchScreen.xib in Resources */ = {isa = PBXBuildFile; fileRef = 5E5BF7FF19FE34A200800ECD /* LaunchScreen.xib */; };
		5E5BF80D19FE34A200800ECD /* RMOBlaTests.m in Sources */ = {isa = PBXBuildFile; fileRef = 5E5BF80C19FE34A200800ECD /* RMOBlaTests.m */; };
/* End PBXBuildFile section */

/* Begin PBXContainerItemProxy section */
		5E5BF80719FE34A200800ECD /* PBXContainerItemProxy */ = {
			isa = PBXContainerItemProxy;
			containerPortal = 5E5BF7E519FE34A200800ECD /* Project object */;
			proxyType = 1;
			remoteGlobalIDString = 5E5BF7EC19FE34A200800ECD;
			remoteInfo = RMOBla;
		};
/* End PBXContainerItemProxy section */

/* Begin PBXFileReference section */
		5E5BF7ED19FE34A200800ECD /* RMOBla.app */ = {isa = PBXFileReference; explicitFileType = wrapper.application; includeInIndex = 0; path = RMOBla.app; sourceTree = BUILT_PRODUCTS_DIR; };
		5E5BF7F119FE34A200800ECD /* Info.plist */ = {isa = PBXFileReference; lastKnownFileType = text.plist.xml; path = Info.plist; sourceTree = "<group>"; };
		5E5BF7F219FE34A200800ECD /* main.m */ = {isa = PBXFileReference; lastKnownFileType = sourcecode.c.objc; path = main.m; sourceTree = "<group>"; };
		5E5BF7F419FE34A200800ECD /* AppDelegate.h */ = {isa = PBXFileReference; lastKnownFileType = sourcecode.c.h; path = AppDelegate.h; sourceTree = "<group>"; };
		5E5BF7F519FE34A200800ECD /* AppDelegate.m */ = {isa = PBXFileReference; lastKnownFileType = sourcecode.c.objc; path = AppDelegate.m; sourceTree = "<group>"; };
		5E5BF7F719FE34A200800ECD /* ViewController.h */ = {isa = PBXFileReference; lastKnownFileType = sourcecode.c.h; path = ViewController.h; sourceTree = "<group>"; };
		5E5BF7F819FE34A200800ECD /* ViewController.m */ = {isa = PBXFileReference; lastKnownFileType = sourcecode.c.objc; path = ViewController.m; sourceTree = "<group>"; };
		5E5BF7FB19FE34A200800ECD /* Base */ = {isa = PBXFileReference; lastKnownFileType = file.storyboard; name = Base; path = Base.lproj/Main.storyboard; sourceTree = "<group>"; };
		5E5BF7FD19FE34A200800ECD /* Images.xcassets */ = {isa = PBXFileReference; lastKnownFileType = folder.assetcatalog; path = Images.xcassets; sourceTree = "<group>"; };
		5E5BF80019FE34A200800ECD /* Base */ = {isa = PBXFileReference; lastKnownFileType = file.xib; name = Base; path = Base.lproj/LaunchScreen.xib; sourceTree = "<group>"; };
		5E5BF80619FE34A200800ECD /* RMOBlaTests.xctest */ = {isa = PBXFileReference; explicitFileType = wrapper.cfbundle; includeInIndex = 0; path = RMOBlaTests.xctest; sourceTree = BUILT_PRODUCTS_DIR; };
		5E5BF80B19FE34A200800ECD /* Info.plist */ = {isa = PBXFileReference; lastKnownFileType = text.plist.xml; path = Info.plist; sourceTree = "<group>"; };
		5E5BF80C19FE34A200800ECD /* RMOBlaTests.m */ = {isa = PBXFileReference; lastKnownFileType = sourcecode.c.objc; path = RMOBlaTests.m; sourceTree = "<group>"; };
/* End PBXFileReference section */

/* Begin PBXFrameworksBuildPhase section */
		5E5BF7EA19FE34A200800ECD /* Frameworks */ = {
			isa = PBXFrameworksBuildPhase;
			buildActionMask = 2147483647;
			files = (
			);
			runOnlyForDeploymentPostprocessing = 0;
		};
		5E5BF80319FE34A200800ECD /* Frameworks */ = {
			isa = PBXFrameworksBuildPhase;
			buildActionMask = 2147483647;
			files = (
			);
			runOnlyForDeploymentPostprocessing = 0;
		};
/* End PBXFrameworksBuildPhase section */

/* Begin PBXGroup section */
		5E5BF7E419FE34A200800ECD = {
			isa = PBXGroup;
			children = (
				5E5BF7EF19FE34A200800ECD /* RMOBla */,
				5E5BF80919FE34A200800ECD /* RMOBlaTests */,
				5E5BF7EE19FE34A200800ECD /* Products */,
			);
			sourceTree = "<group>";
		};
		5E5BF7EE19FE34A200800ECD /* Products */ = {
			isa = PBXGroup;
			children = (
				5E5BF7ED19FE34A200800ECD /* RMOBla.app */,
				5E5BF80619FE34A200800ECD /* RMOBlaTests.xctest */,
			);
			name = Products;
			sourceTree = "<group>";
		};
		5E5BF7EF19FE34A200800ECD /* RMOBla */ = {
			isa = PBXGroup;
			children = (
				5E5BF7F419FE34A200800ECD /* AppDelegate.h */,
				5E5BF7F519FE34A200800ECD /* AppDelegate.m */,
				5E5BF7F719FE34A200800ECD /* ViewController.h */,
				5E5BF7F819FE34A200800ECD /* ViewController.m */,
				5E5BF7FA19FE34A200800ECD /* Main.storyboard */,
				5E5BF7FD19FE34A200800ECD /* Images.xcassets */,
				5E5BF7FF19FE34A200800ECD /* LaunchScreen.xib */,
				5E5BF7F019FE34A200800ECD /* Supporting Files */,
			);
			path = RMOBla;
			sourceTree = "<group>";
		};
		5E5BF7F019FE34A200800ECD /* Supporting Files */ = {
			isa = PBXGroup;
			children = (
				5E5BF7F119FE34A200800ECD /* Info.plist */,
				5E5BF7F219FE34A200800ECD /* main.m */,
			);
			name = "Supporting Files";
			sourceTree = "<group>";
		};
		5E5BF80919FE34A200800ECD /* RMOBlaTests */ = {
			isa = PBXGroup;
			children = (
				5E5BF80C19FE34A200800ECD /* RMOBlaTests.m */,
				5E5BF80A19FE34A200800ECD /* Supporting Files */,
			);
			path = RMOBlaTests;
			sourceTree = "<group>";
		};
		5E5BF80A19FE34A200800ECD /* Supporting Files */ = {
			isa = PBXGroup;
			children = (
				5E5BF80B19FE34A200800ECD /* Info.plist */,
			);
			name = "Supporting Files";
			sourceTree = "<group>";
		};
/* End PBXGroup section */

/* Begin PBXNativeTarget section */
		5E5BF7EC19FE34A200800ECD /* RMOBla */ = {
			isa = PBXNativeTarget;
			buildConfigurationList = 5E5BF81019FE34A200800ECD /* Build configuration list for PBXNativeTarget "RMOBla" */;
			buildPhases = (
				5E5BF7E919FE34A200800ECD /* Sources */,
				5E5BF7EA19FE34A200800ECD /* Frameworks */,
				5E5BF7EB19FE34A200800ECD /* Resources */,
			);
			buildRules = (
			);
			dependencies = (
			);
			name = RMOBla;
			productName = RMOBla;
			productReference = 5E5BF7ED19FE34A200800ECD /* RMOBla.app */;
			productType = "com.apple.product-type.application";
		};
		5E5BF80519FE34A200800ECD /* RMOBlaTests */ = {
			isa = PBXNativeTarget;
			buildConfigurationList = 5E5BF81319FE34A200800ECD /* Build configuration list for PBXNativeTarget "RMOBlaTests" */;
			buildPhases = (
				5E5BF80219FE34A200800ECD /* Sources */,
				5E5BF80319FE34A200800ECD /* Frameworks */,
				5E5BF80419FE34A200800ECD /* Resources */,
			);
			buildRules = (
			);
			dependencies = (
				5E5BF80819FE34A200800ECD /* PBXTargetDependency */,
			);
			name = RMOBlaTests;
			productName = RMOBlaTests;
			productReference = 5E5BF80619FE34A200800ECD /* RMOBlaTests.xctest */;
			productType = "com.apple.product-type.bundle.unit-test";
		};
/* End PBXNativeTarget section */

/* Begin PBXProject section */
		5E5BF7E519FE34A200800ECD /* Project object */ = {
			isa = PBXProject;
			attributes = {
				LastUpgradeCheck = 0610;
				ORGANIZATIONNAME = Steed;
				TargetAttributes = {
					5E5BF7EC19FE34A200800ECD = {
						CreatedOnToolsVersion = 6.1;
					};
					5E5BF80519FE34A200800ECD = {
						CreatedOnToolsVersion = 6.1;
						TestTargetID = 5E5BF7EC19FE34A200800ECD;
					};
				};
			};
			buildConfigurationList = 5E5BF7E819FE34A200800ECD /* Build configuration list for PBXProject "RMOBla" */;
			compatibilityVersion = "Xcode 3.2";
			developmentRegion = English;
			hasScannedForEncodings = 0;
			knownRegions = (
				en,
				Base,
			);
			mainGroup = 5E5BF7E419FE34A200800ECD;
			productRefGroup = 5E5BF7EE19FE34A200800ECD /* Products */;
			projectDirPath = "";
			projectRoot = "";
			targets = (
				5E5BF7EC19FE34A200800ECD /* RMOBla */,
				5E5BF80519FE34A200800ECD /* RMOBlaTests */,
			);
		};
/* End PBXProject section */

/* Begin PBXResourcesBuildPhase section */
		5E5BF7EB19FE34A200800ECD /* Resources */ = {
			isa = PBXResourcesBuildPhase;
			buildActionMask = 2147483647;
			files = (
				5E5BF7FC19FE34A200800ECD /* Main.storyboard in Resources */,
				5E5BF80119FE34A200800ECD /* LaunchScreen.xib in Resources */,
				5E5BF7FE19FE34A200800ECD /* Images.xcassets in Resources */,
			);
			runOnlyForDeploymentPostprocessing = 0;
		};
		5E5BF80419FE34A200800ECD /* Resources */ = {
			isa = PBXResourcesBuildPhase;
			buildActionMask = 2147483647;
			files = (
			);
			runOnlyForDeploymentPostprocessing = 0;
		};
/* End PBXResourcesBuildPhase section */

/* Begin PBXSourcesBuildPhase section */
		5E5BF7E919FE34A200800ECD /* Sources */ = {
			isa = PBXSourcesBuildPhase;
			buildActionMask = 2147483647;
			files = (
				5E5BF7F919FE34A200800ECD /* ViewController.m in Sources */,
				5E5BF7F619FE34A200800ECD /* AppDelegate.m in Sources */,
				5E5BF7F319FE34A200800ECD /* main.m in Sources */,
			);
			runOnlyForDeploymentPostprocessing = 0;
		};
		5E5BF80219FE34A200800ECD /* Sources */ = {
			isa = PBXSourcesBuildPhase;
			buildActionMask = 2147483647;
			files = (
				5E5BF80D19FE34A200800ECD /* RMOBlaTests.m in Sources */,
			);
			runOnlyForDeploymentPostprocessing = 0;
		};
/* End PBXSourcesBuildPhase section */

/* Begin PBXTargetDependency section */
		5E5BF80819FE34A200800ECD /* PBXTargetDependency */ = {
			isa = PBXTargetDependency;
			target = 5E5BF7EC19FE34A200800ECD /* RMOBla */;
			targetProxy = 5E5BF80719FE34A200800ECD /* PBXContainerItemProxy */;
		};
/* End PBXTargetDependency section */

/* Begin PBXVariantGroup section */
		5E5BF7FA19FE34A200800ECD /* Main.storyboard */ = {
			isa = PBXVariantGroup;
			children = (
				5E5BF7FB19FE34A200800ECD /* Base */,
			);
			name = Main.storyboard;
			sourceTree = "<group>";
		};
		5E5BF7FF19FE34A200800ECD /* LaunchScreen.xib */ = {
			isa = PBXVariantGroup;
			children = (
				5E5BF80019FE34A200800ECD /* Base */,
			);
			name = LaunchScreen.xib;
			sourceTree = "<group>";
		};
/* End PBXVariantGroup section */

/* Begin XCBuildConfiguration section */
		5E5BF80E19FE34A200800ECD /* Debug */ = {
			isa = XCBuildConfiguration;
			buildSettings = {
				ALWAYS_SEARCH_USER_PATHS = NO;
				CLANG_CXX_LANGUAGE_STANDARD = "gnu++0x";
				CLANG_CXX_LIBRARY = "libc++";
				CLANG_ENABLE_MODULES = YES;
				CLANG_ENABLE_OBJC_ARC = YES;
				CLANG_WARN_BOOL_CONVERSION = YES;
				CLANG_WARN_CONSTANT_CONVERSION = YES;
				CLANG_WARN_DIRECT_OBJC_ISA_USAGE = YES_ERROR;
				CLANG_WARN_EMPTY_BODY = YES;
				CLANG_WARN_ENUM_CONVERSION = YES;
				CLANG_WARN_INT_CONVERSION = YES;
				CLANG_WARN_OBJC_ROOT_CLASS = YES_ERROR;
				CLANG_WARN_UNREACHABLE_CODE = YES;
				CLANG_WARN__DUPLICATE_METHOD_MATCH = YES;
				"CODE_SIGN_IDENTITY[sdk=iphoneos*]" = "iPhone Developer";
				COPY_PHASE_STRIP = NO;
				ENABLE_STRICT_OBJC_MSGSEND = YES;
				GCC_C_LANGUAGE_STANDARD = gnu99;
				GCC_DYNAMIC_NO_PIC = NO;
				GCC_OPTIMIZATION_LEVEL = 0;
				GCC_PREPROCESSOR_DEFINITIONS = (
					"DEBUG=1",
					"$(inherited)",
				);
				GCC_SYMBOLS_PRIVATE_EXTERN = NO;
				GCC_WARN_64_TO_32_BIT_CONVERSION = YES;
				GCC_WARN_ABOUT_RETURN_TYPE = YES_ERROR;
				GCC_WARN_UNDECLARED_SELECTOR = YES;
				GCC_WARN_UNINITIALIZED_AUTOS = YES_AGGRESSIVE;
				GCC_WARN_UNUSED_FUNCTION = YES;
				GCC_WARN_UNUSED_VARIABLE = YES;
				IPHONEOS_DEPLOYMENT_TARGET = 8.1;
				MTL_ENABLE_DEBUG_INFO = YES;
				ONLY_ACTIVE_ARCH = YES;
				SDKROOT = iphoneos;
			};
			name = Debug;
		};
		5E5BF80F19FE34A200800ECD /* Release */ = {
			isa = XCBuildConfiguration;
			buildSettings = {
				ALWAYS_SEARCH_USER_PATHS = NO;
				CLANG_CXX_LANGUAGE_STANDARD = "gnu++0x";
				CLANG_CXX_LIBRARY = "libc++";
				CLANG_ENABLE_MODULES = YES;
				CLANG_ENABLE_OBJC_ARC = YES;
				CLANG_WARN_BOOL_CONVERSION = YES;
				CLANG_WARN_CONSTANT_CONVERSION = YES;
				CLANG_WARN_DIRECT_OBJC_ISA_USAGE = YES_ERROR;
				CLANG_WARN_EMPTY_BODY = YES;
				CLANG_WARN_ENUM_CONVERSION = YES;
				CLANG_WARN_INT_CONVERSION = YES;
				CLANG_WARN_OBJC_ROOT_CLASS = YES_ERROR;
				CLANG_WARN_UNREACHABLE_CODE = YES;
				CLANG_WARN__DUPLICATE_METHOD_MATCH = YES;
				"CODE_SIGN_IDENTITY[sdk=iphoneos*]" = "iPhone Developer";
				COPY_PHASE_STRIP = YES;
				ENABLE_NS_ASSERTIONS = NO;
				ENABLE_STRICT_OBJC_MSGSEND = YES;
				GCC_C_LANGUAGE_STANDARD = gnu99;
				GCC_WARN_64_TO_32_BIT_CONVERSION = YES;
				GCC_WARN_ABOUT_RETURN_TYPE = YES_ERROR;
				GCC_WARN_UNDECLARED_SELECTOR = YES;
				GCC_WARN_UNINITIALIZED_AUTOS = YES_AGGRESSIVE;
				GCC_WARN_UNUSED_FUNCTION = YES;
				GCC_WARN_UNUSED_VARIABLE = YES;
				IPHONEOS_DEPLOYMENT_TARGET = 8.1;
				MTL_ENABLE_DEBUG_INFO = NO;
				SDKROOT = iphoneos;
				VALIDATE_PRODUCT = YES;
			};
			name = Release;
		};
		5E5BF81119FE34A200800ECD /* Debug */ = {
			isa = XCBuildConfiguration;
			buildSettings = {
				ASSETCATALOG_COMPILER_APPICON_NAME = AppIcon;
				INFOPLIST_FILE = RMOBla/Info.plist;
				LD_RUNPATH_SEARCH_PATHS = "$(inherited) @executable_path/Frameworks";
				PRODUCT_NAME = "$(TARGET_NAME)";
			};
			name = Debug;
		};
		5E5BF81219FE34A200800ECD /* Release */ = {
			isa = XCBuildConfiguration;
			buildSettings = {
				ASSETCATALOG_COMPILER_APPICON_NAME = AppIcon;
				INFOPLIST_FILE = RMOBla/Info.plist;
				LD_RUNPATH_SEARCH_PATHS = "$(inherited) @executable_path/Frameworks";
				PRODUCT_NAME = "$(TARGET_NAME)";
			};
			name = Release;
		};
		5E5BF81419FE34A200800ECD /* Debug */ = {
			isa = XCBuildConfiguration;
			buildSettings = {
				BUNDLE_LOADER = "$(TEST_HOST)";
				FRAMEWORK_SEARCH_PATHS = (
					"$(SDKROOT)/Developer/Library/Frameworks",
					"$(inherited)",
				);
				GCC_PREPROCESSOR_DEFINITIONS = (
					"DEBUG=1",
					"$(inherited)",
				);
				INFOPLIST_FILE = RMOBlaTests/Info.plist;
				LD_RUNPATH_SEARCH_PATHS = "$(inherited) @executable_path/Frameworks @loader_path/Frameworks";
				PRODUCT_NAME = "$(TARGET_NAME)";
				TEST_HOST = "$(BUILT_PRODUCTS_DIR)/RMOBla.app/RMOBla";
			};
			name = Debug;
		};
		5E5BF81519FE34A200800ECD /* Release */ = {
			isa = XCBuildConfiguration;
			buildSettings = {
				BUNDLE_LOADER = "$(TEST_HOST)";
				FRAMEWORK_SEARCH_PATHS = (
					"$(SDKROOT)/Developer/Library/Frameworks",
					"$(inherited)",
				);
				INFOPLIST_FILE = RMOBlaTests/Info.plist;
				LD_RUNPATH_SEARCH_PATHS = "$(inherited) @executable_path/Frameworks @loader_path/Frameworks";
				PRODUCT_NAME = "$(TARGET_NAME)";
				TEST_HOST = "$(BUILT_PRODUCTS_DIR)/RMOBla.app/RMOBla";
			};
			name = Release;
		};
/* End XCBuildConfiguration section */

/* Begin XCConfigurationList section */
		5E5BF7E819FE34A200800ECD /* Build configuration list for PBXProject "RMOBla" */ = {
			isa = XCConfigurationList;
			buildConfigurations = (
				5E5BF80E19FE34A200800ECD /* Debug */,
				5E5BF80F19FE34A200800ECD /* Release */,
			);
			defaultConfigurationIsVisible = 0;
			defaultConfigurationName = Release;
		};
		5E5BF81019FE34A200800ECD /* Build configuration list for PBXNativeTarget "RMOBla" */ = {
			isa = XCConfigurationList;
			buildConfigurations = (
				5E5BF81119FE34A200800ECD /* Debug */,
				5E5BF81219FE34A200800ECD /* Release */,
			);
			defaultConfigurationIsVisible = 0;
		};
		5E5BF81319FE34A200800ECD /* Build configuration list for PBXNativeTarget "RMOBlaTests" */ = {
			isa = XCConfigurationList;
			buildConfigurations = (
				5E5BF81419FE34A200800ECD /* Debug */,
				5E5BF81519FE34A200800ECD /* Release */,
			);
			defaultConfigurationIsVisible = 0;
		};
/* End XCConfigurationList section */
	};
	rootObject = 5E5BF7E519FE34A200800ECD /* Project object */;
}
